
Microsoft Visual Studio Solution File, Format Version 12.00
# Visual Studio Version 17
VisualStudioVersion = 17.9.34701.34
MinimumVisualStudioVersion = 10.0.40219.1
Project("{FAE04EC0-301F-11D3-BF4B-00C04F79EFBC}") = "FileUploadManagement", "FileUploadManagement\FileUploadManagement.csproj", "{C2D9441F-B808-4E95-B63A-D1C6D3BAC36C}"
EndProject
Global
	GlobalSection(SolutionConfigurationPlatforms) = preSolution
		Debug|Any CPU = Debug|Any CPU
		Release|Any CPU = Release|Any CPU
	EndGlobalSection
	GlobalSection(ProjectConfigurationPlatforms) = postSolution
		{C2D9441F-B808-4E95-B63A-D1C6D3BAC36C}.Debug|Any CPU.ActiveCfg = Debug|Any CPU
		{C2D9441F-B808-4E95-B63A-D1C6D3BAC36C}.Debug|Any CPU.Build.0 = Debug|Any CPU
		{C2D9441F-B808-4E95-B63A-D1C6D3BAC36C}.Release|Any CPU.ActiveCfg = Release|Any CPU
		{C2D9441F-B808-4E95-B63A-D1C6D3BAC36C}.Release|Any CPU.Build.0 = Release|Any CPU
	EndGlobalSection
	GlobalSection(SolutionProperties) = preSolution
		HideSolutionNode = FALSE
	EndGlobalSection
	GlobalSection(ExtensibilityGlobals) = postSolution
		SolutionGuid = {A876D6D9-D288-4CD5-86E1-B3E9C10B237C}
	EndGlobalSection
EndGlobal
